// !$*UTF8*$!
{
	archiveVersion = 1;
	classes = {
	};
	objectVersion = 50;
	objects = {

/* Begin PBXBuildFile section */
		CBB4069821A636270011635D /* AppDelegate.swift in Sources */ = {isa = PBXBuildFile; fileRef = CBB4069721A636270011635D /* AppDelegate.swift */; };
		CBB4069A21A636270011635D /* ViewController.swift in Sources */ = {isa = PBXBuildFile; fileRef = CBB4069921A636270011635D /* ViewController.swift */; };
		CBB4069D21A636270011635D /* Main.storyboard in Resources */ = {isa = PBXBuildFile; fileRef = CBB4069B21A636270011635D /* Main.storyboard */; };
		CBB406A021A636270011635D /* TableViewHRDKompotRoom.xcdatamodeld in Sources */ = {isa = PBXBuildFile; fileRef = CBB4069E21A636270011635D /* TableViewHRDKompotRoom.xcdatamodeld */; };
		CBB406A221A636280011635D /* Assets.xcassets in Resources */ = {isa = PBXBuildFile; fileRef = CBB406A121A636280011635D /* Assets.xcassets */; };
		CBB406A521A636280011635D /* LaunchScreen.storyboard in Resources */ = {isa = PBXBuildFile; fileRef = CBB406A321A636280011635D /* LaunchScreen.storyboard */; };
		CBB406AE21A642700011635D /* CustomTableViewCell.swift in Sources */ = {isa = PBXBuildFile; fileRef = CBB406AC21A642700011635D /* CustomTableViewCell.swift */; };
		CBB406AF21A642700011635D /* CustomTableViewCell.xib in Resources */ = {isa = PBXBuildFile; fileRef = CBB406AD21A642700011635D /* CustomTableViewCell.xib */; };
/* End PBXBuildFile section */

/* Begin PBXFileReference section */
		CBB4069421A636270011635D /* TableViewHRDKompotRoom.app */ = {isa = PBXFileReference; explicitFileType = wrapper.application; includeInIndex = 0; path = TableViewHRDKompotRoom.app; sourceTree = BUILT_PRODUCTS_DIR; };
		CBB4069721A636270011635D /* AppDelegate.swift */ = {isa = PBXFileReference; lastKnownFileType = sourcecode.swift; path = AppDelegate.swift; sourceTree = "<group>"; };
		CBB4069921A636270011635D /* ViewController.swift */ = {isa = PBXFileReference; lastKnownFileType = sourcecode.swift; path = ViewController.swift; sourceTree = "<group>"; };
		CBB4069C21A636270011635D /* Base */ = {isa = PBXFileReference; lastKnownFileType = file.storyboard; name = Base; path = Base.lproj/Main.storyboard; sourceTree = "<group>"; };
		CBB4069F21A636270011635D /* TableViewHRDKompotRoom.xcdatamodel */ = {isa = PBXFileReference; lastKnownFileType = wrapper.xcdatamodel; path = TableViewHRDKompotRoom.xcdatamodel; sourceTree = "<group>"; };
		CBB406A121A636280011635D /* Assets.xcassets */ = {isa = PBXFileReference; lastKnownFileType = folder.assetcatalog; path = Assets.xcassets; sourceTree = "<group>"; };
		CBB406A421A636280011635D /* Base */ = {isa = PBXFileReference; lastKnownFileType = file.storyboard; name = Base; path = Base.lproj/LaunchScreen.storyboard; sourceTree = "<group>"; };
		CBB406A621A636280011635D /* Info.plist */ = {isa = PBXFileReference; lastKnownFileType = text.plist.xml; path = Info.plist; sourceTree = "<group>"; };
		CBB406AC21A642700011635D /* CustomTableViewCell.swift */ = {isa = PBXFileReference; lastKnownFileType = sourcecode.swift; path = CustomTableViewCell.swift; sourceTree = "<group>"; };
		CBB406AD21A642700011635D /* CustomTableViewCell.xib */ = {isa = PBXFileReference; lastKnownFileType = file.xib; path = CustomTableViewCell.xib; sourceTree = "<group>"; };
/* End PBXFileReference section */

/* Begin PBXFrameworksBuildPhase section */
		CBB4069121A636270011635D /* Frameworks */ = {
			isa = PBXFrameworksBuildPhase;
			buildActionMask = 2147483647;
			files = (
			);
			runOnlyForDeploymentPostprocessing = 0;
		};
/* End PBXFrameworksBuildPhase section */

/* Begin PBXGroup section */
		CBB4068B21A636270011635D = {
			isa = PBXGroup;
			children = (
				CBB4069621A636270011635D /* TableViewHRDKompotRoom */,
				CBB4069521A636270011635D /* Products */,
			);
			sourceTree = "<group>";
		};
		CBB4069521A636270011635D /* Products */ = {
			isa = PBXGroup;
			children = (
				CBB4069421A636270011635D /* TableViewHRDKompotRoom.app */,
			);
			name = Products;
			sourceTree = "<group>";
		};
		CBB4069621A636270011635D /* TableViewHRDKompotRoom */ = {
			isa = PBXGroup;
			children = (
				CBB4069721A636270011635D /* AppDelegate.swift */,
				CBB4069921A636270011635D /* ViewController.swift */,
				CBB4069B21A636270011635D /* Main.storyboard */,
				CBB406A121A636280011635D /* Assets.xcassets */,
				CBB406A321A636280011635D /* LaunchScreen.storyboard */,
				CBB406A621A636280011635D /* Info.plist */,
				CBB4069E21A636270011635D /* TableViewHRDKompotRoom.xcdatamodeld */,
				CBB406AC21A642700011635D /* CustomTableViewCell.swift */,
				CBB406AD21A642700011635D /* CustomTableViewCell.xib */,
			);
			path = TableViewHRDKompotRoom;
			sourceTree = "<group>";
		};
/* End PBXGroup section */

/* Begin PBXNativeTarget section */
		CBB4069321A636270011635D /* TableViewHRDKompotRoom */ = {
			isa = PBXNativeTarget;
			buildConfigurationList = CBB406A921A636280011635D /* Build configuration list for PBXNativeTarget "TableViewHRDKompotRoom" */;
			buildPhases = (
				CBB4069021A636270011635D /* Sources */,
				CBB4069121A636270011635D /* Frameworks */,
				CBB4069221A636270011635D /* Resources */,
			);
			buildRules = (
			);
			dependencies = (
			);
			name = TableViewHRDKompotRoom;
			productName = TableViewHRDKompotRoom;
			productReference = CBB4069421A636270011635D /* TableViewHRDKompotRoom.app */;
			productType = "com.apple.product-type.application";
		};
/* End PBXNativeTarget section */

/* Begin PBXProject section */
		CBB4068C21A636270011635D /* Project object */ = {
			isa = PBXProject;
			attributes = {
				LastSwiftUpdateCheck = 1010;
				LastUpgradeCheck = 1010;
				ORGANIZATIONNAME = vattanac;
				TargetAttributes = {
					CBB4069321A636270011635D = {
						CreatedOnToolsVersion = 10.1;
					};
				};
			};
			buildConfigurationList = CBB4068F21A636270011635D /* Build configuration list for PBXProject "TableViewHRDKompotRoom" */;
			compatibilityVersion = "Xcode 9.3";
			developmentRegion = en;
			hasScannedForEncodings = 0;
			knownRegions = (
				en,
				Base,
			);
			mainGroup = CBB4068B21A636270011635D;
			productRefGroup = CBB4069521A636270011635D /* Products */;
			projectDirPath = "";
			projectRoot = "";
			targets = (
				CBB4069321A636270011635D /* TableViewHRDKompotRoom */,
			);
		};
/* End PBXProject section */

/* Begin PBXResourcesBuildPhase section */
		CBB4069221A636270011635D /* Resources */ = {
			isa = PBXResourcesBuildPhase;
			buildActionMask = 2147483647;
			files = (
				CBB406A521A636280011635D /* LaunchScreen.storyboard in Resources */,
				CBB406A221A636280011635D /* Assets.xcassets in Resources */,
				CBB406AF21A642700011635D /* CustomTableViewCell.xib in Resources */,
				CBB4069D21A636270011635D /* Main.storyboard in Resources */,
			);
			runOnlyForDeploymentPostprocessing = 0;
		};
/* End PBXResourcesBuildPhase section */

/* Begin PBXSourcesBuildPhase section */
		CBB4069021A636270011635D /* Sources */ = {
			isa = PBXSourcesBuildPhase;
			buildActionMask = 2147483647;
			files = (
				CBB406A021A636270011635D /* TableViewHRDKompotRoom.xcdatamodeld in Sources */,
				CBB4069A21A636270011635D /* ViewController.swift in Sources */,
				CBB406AE21A642700011635D /* CustomTableViewCell.swift in Sources */,
				CBB4069821A636270011635D /* AppDelegate.swift in Sources */,
			);
			runOnlyForDeploymentPostprocessing = 0;
		};
/* End PBXSourcesBuildPhase section */

/* Begin PBXVariantGroup section */
		CBB4069B21A636270011635D /* Main.storyboard */ = {
			isa = PBXVariantGroup;
			children = (
				CBB4069C21A636270011635D /* Base */,
			);
			name = Main.storyboard;
			sourceTree = "<group>";
		};
		CBB406A321A636280011635D /* LaunchScreen.storyboard */ = {
			isa = PBXVariantGroup;
			children = (
				CBB406A421A636280011635D /* Base */,
			);
			name = LaunchScreen.storyboard;
			sourceTree = "<group>";
		};
/* End PBXVariantGroup section */

/* Begin XCBuildConfiguration section */
		CBB406A721A636280011635D /* Debug */ = {
			isa = XCBuildConfiguration;
			buildSettings = {
				ALWAYS_SEARCH_USER_PATHS = NO;
				CLANG_ANALYZER_NONNULL = YES;
				CLANG_ANALYZER_NUMBER_OBJECT_CONVERSION = YES_AGGRESSIVE;
				CLANG_CXX_LANGUAGE_STANDARD = "gnu++14";
				CLANG_CXX_LIBRARY = "libc++";
				CLANG_ENABLE_MODULES = YES;
				CLANG_ENABLE_OBJC_ARC = YES;
				CLANG_ENABLE_OBJC_WEAK = YES;
				CLANG_WARN_BLOCK_CAPTURE_AUTORELEASING = YES;
				CLANG_WARN_BOOL_CONVERSION = YES;
				CLANG_WARN_COMMA = YES;
				CLANG_WARN_CONSTANT_CONVERSION = YES;
				CLANG_WARN_DEPRECATED_OBJC_IMPLEMENTATIONS = YES;
				CLANG_WARN_DIRECT_OBJC_ISA_USAGE = YES_ERROR;
				CLANG_WARN_DOCUMENTATION_COMMENTS = YES;
				CLANG_WARN_EMPTY_BODY = YES;
				CLANG_WARN_ENUM_CONVERSION = YES;
				CLANG_WARN_INFINITE_RECURSION = YES;
				CLANG_WARN_INT_CONVERSION = YES;
				CLANG_WARN_NON_LITERAL_NULL_CONVERSION = YES;
				CLANG_WARN_OBJC_IMPLICIT_RETAIN_SELF = YES;
				CLANG_WARN_OBJC_LITERAL_CONVERSION = YES;
				CLANG_WARN_OBJC_ROOT_CLASS = YES_ERROR;
				CLANG_WARN_RANGE_LOOP_ANALYSIS = YES;
				CLANG_WARN_STRICT_PROTOTYPES = YES;
				CLANG_WARN_SUSPICIOUS_MOVE = YES;
				CLANG_WARN_UNGUARDED_AVAILABILITY = YES_AGGRESSIVE;
				CLANG_WARN_UNREACHABLE_CODE = YES;
				CLANG_WARN__DUPLICATE_METHOD_MATCH = YES;
				CODE_SIGN_IDENTITY = "iPhone Developer";
				COPY_PHASE_STRIP = NO;
				DEBUG_INFORMATION_FORMAT = dwarf;
				ENABLE_STRICT_OBJC_MSGSEND = YES;
				ENABLE_TESTABILITY = YES;
				GCC_C_LANGUAGE_STANDARD = gnu11;
				GCC_DYNAMIC_NO_PIC = NO;
				GCC_NO_COMMON_BLOCKS = YES;
				GCC_OPTIMIZATION_LEVEL = 0;
				GCC_PREPROCESSOR_DEFINITIONS = (
					"DEBUG=1",
					"$(inherited)",
				);
				GCC_WARN_64_TO_32_BIT_CONVERSION = YES;
				GCC_WARN_ABOUT_RETURN_TYPE = YES_ERROR;
				GCC_WARN_UNDECLARED_SELECTOR = YES;
				GCC_WARN_UNINITIALIZED_AUTOS = YES_AGGRESSIVE;
				GCC_WARN_UNUSED_FUNCTION = YES;
				GCC_WARN_UNUSED_VARIABLE = YES;
				IPHONEOS_DEPLOYMENT_TARGET = 12.1;
				MTL_ENABLE_DEBUG_INFO = INCLUDE_SOURCE;
				MTL_FAST_MATH = YES;
				ONLY_ACTIVE_ARCH = YES;
				SDKROOT = iphoneos;
				SWIFT_ACTIVE_COMPILATION_CONDITIONS = DEBUG;
				SWIFT_OPTIMIZATION_LEVEL = "-Onone";
			};
			name = Debug;
		};
		CBB406A821A636280011635D /* Release */ = {
			isa = XCBuildConfiguration;
			buildSettings = {
				ALWAYS_SEARCH_USER_PATHS = NO;
				CLANG_ANALYZER_NONNULL = YES;
				CLANG_ANALYZER_NUMBER_OBJECT_CONVERSION = YES_AGGRESSIVE;
				CLANG_CXX_LANGUAGE_STANDARD = "gnu++14";
				CLANG_CXX_LIBRARY = "libc++";
				CLANG_ENABLE_MODULES = YES;
				CLANG_ENABLE_OBJC_ARC = YES;
				CLANG_ENABLE_OBJC_WEAK = YES;
				CLANG_WARN_BLOCK_CAPTURE_AUTORELEASING = YES;
				CLANG_WARN_BOOL_CONVERSION = YES;
				CLANG_WARN_COMMA = YES;
				CLANG_WARN_CONSTANT_CONVERSION = YES;
				CLANG_WARN_DEPRECATED_OBJC_IMPLEMENTATIONS = YES;
				CLANG_WARN_DIRECT_OBJC_ISA_USAGE = YES_ERROR;
				CLANG_WARN_DOCUMENTATION_COMMENTS = YES;
				CLANG_WARN_EMPTY_BODY = YES;
				CLANG_WARN_ENUM_CONVERSION = YES;
				CLANG_WARN_INFINITE_RECURSION = YES;
				CLANG_WARN_INT_CONVERSION = YES;
				CLANG_WARN_NON_LITERAL_NULL_CONVERSION = YES;
				CLANG_WARN_OBJC_IMPLICIT_RETAIN_SELF = YES;
				CLANG_WARN_OBJC_LITERAL_CONVERSION = YES;
				CLANG_WARN_OBJC_ROOT_CLASS = YES_ERROR;
				CLANG_WARN_RANGE_LOOP_ANALYSIS = YES;
				CLANG_WARN_STRICT_PROTOTYPES = YES;
				CLANG_WARN_SUSPICIOUS_MOVE = YES;
				CLANG_WARN_UNGUARDED_AVAILABILITY = YES_AGGRESSIVE;
				CLANG_WARN_UNREACHABLE_CODE = YES;
				CLANG_WARN__DUPLICATE_METHOD_MATCH = YES;
				CODE_SIGN_IDENTITY = "iPhone Developer";
				COPY_PHASE_STRIP = NO;
				DEBUG_INFORMATION_FORMAT = "dwarf-with-dsym";
				ENABLE_NS_ASSERTIONS = NO;
				ENABLE_STRICT_OBJC_MSGSEND = YES;
				GCC_C_LANGUAGE_STANDARD = gnu11;
				GCC_NO_COMMON_BLOCKS = YES;
				GCC_WARN_64_TO_32_BIT_CONVERSION = YES;
				GCC_WARN_ABOUT_RETURN_TYPE = YES_ERROR;
				GCC_WARN_UNDECLARED_SELECTOR = YES;
				GCC_WARN_UNINITIALIZED_AUTOS = YES_AGGRESSIVE;
				GCC_WARN_UNUSED_FUNCTION = YES;
				GCC_WARN_UNUSED_VARIABLE = YES;
				IPHONEOS_DEPLOYMENT_TARGET = 12.1;
				MTL_ENABLE_DEBUG_INFO = NO;
				MTL_FAST_MATH = YES;
				SDKROOT = iphoneos;
				SWIFT_COMPILATION_MODE = wholemodule;
				SWIFT_OPTIMIZATION_LEVEL = "-O";
				VALIDATE_PRODUCT = YES;
			};
			name = Release;
		};
		CBB406AA21A636280011635D /* Debug */ = {
			isa = XCBuildConfiguration;
			buildSettings = {
				ASSETCATALOG_COMPILER_APPICON_NAME = AppIcon;
				CODE_SIGN_STYLE = Automatic;
				DEVELOPMENT_TEAM = SLX43TCA7R;
				INFOPLIST_FILE = TableViewHRDKompotRoom/Info.plist;
				LD_RUNPATH_SEARCH_PATHS = (
					"$(inherited)",
					"@executable_path/Frameworks",
				);
				PRODUCT_BUNDLE_IDENTIFIER = com.vatttanac.TableViewHRDKompotRoom;
				PRODUCT_NAME = "$(TARGET_NAME)";
				SWIFT_VERSION = 4.2;
				TARGETED_DEVICE_FAMILY = "1,2";
			};
			name = Debug;
		};
		CBB406AB21A636280011635D /* Release */ = {
			isa = XCBuildConfiguration;
			buildSettings = {
				ASSETCATALOG_COMPILER_APPICON_NAME = AppIcon;
				CODE_SIGN_STYLE = Automatic;
				DEVELOPMENT_TEAM = SLX43TCA7R;
				INFOPLIST_FILE = TableViewHRDKompotRoom/Info.plist;
				LD_RUNPATH_SEARCH_PATHS = (
					"$(inherited)",
					"@executable_path/Frameworks",
				);
				PRODUCT_BUNDLE_IDENTIFIER = com.vatttanac.TableViewHRDKompotRoom;
				PRODUCT_NAME = "$(TARGET_NAME)";
				SWIFT_VERSION = 4.2;
				TARGETED_DEVICE_FAMILY = "1,2";
			};
			name = Release;
		};
/* End XCBuildConfiguration section */

/* Begin XCConfigurationList section */
		CBB4068F21A636270011635D /* Build configuration list for PBXProject "TableViewHRDKompotRoom" */ = {
			isa = XCConfigurationList;
			buildConfigurations = (
				CBB406A721A636280011635D /* Debug */,
				CBB406A821A636280011635D /* Release */,
			);
			defaultConfigurationIsVisible = 0;
			defaultConfigurationName = Release;
		};
		CBB406A921A636280011635D /* Build configuration list for PBXNativeTarget "TableViewHRDKompotRoom" */ = {
			isa = XCConfigurationList;
			buildConfigurations = (
				CBB406AA21A636280011635D /* Debug */,
				CBB406AB21A636280011635D /* Release */,
			);
			defaultConfigurationIsVisible = 0;
			defaultConfigurationName = Release;
		};
/* End XCConfigurationList section */

/* Begin XCVersionGroup section */
		CBB4069E21A636270011635D /* TableViewHRDKompotRoom.xcdatamodeld */ = {
			isa = XCVersionGroup;
			children = (
				CBB4069F21A636270011635D /* TableViewHRDKompotRoom.xcdatamodel */,
			);
			currentVersion = CBB4069F21A636270011635D /* TableViewHRDKompotRoom.xcdatamodel */;
			path = TableViewHRDKompotRoom.xcdatamodeld;
			sourceTree = "<group>";
			versionGroupType = wrapper.xcdatamodel;
		};
/* End XCVersionGroup section */
	};
	rootObject = CBB4068C21A636270011635D /* Project object */;
}
